// !$*UTF8*$!
{
	archiveVersion = 1;
	classes = {
	};
	objectVersion = 46;
	objects = {

/* Begin PBXBuildFile section */
		1DA83A0B1E0244C500BB5C30 /* AppDelegate.swift in Sources */ = {isa = PBXBuildFile; fileRef = 1DA83A0A1E0244C500BB5C30 /* AppDelegate.swift */; };
		1DA83A101E0244C500BB5C30 /* Main.storyboard in Resources */ = {isa = PBXBuildFile; fileRef = 1DA83A0E1E0244C500BB5C30 /* Main.storyboard */; };
		1DA83A151E0244C500BB5C30 /* Assets.xcassets in Resources */ = {isa = PBXBuildFile; fileRef = 1DA83A141E0244C500BB5C30 /* Assets.xcassets */; };
		1DA83A181E0244C500BB5C30 /* LaunchScreen.storyboard in Resources */ = {isa = PBXBuildFile; fileRef = 1DA83A161E0244C500BB5C30 /* LaunchScreen.storyboard */; };
		1DA83A211E02454C00BB5C30 /* LandingPageViewController.swift in Sources */ = {isa = PBXBuildFile; fileRef = 1DA83A1F1E02454C00BB5C30 /* LandingPageViewController.swift */; };
		1DA83A221E02454C00BB5C30 /* AddPalautteViewController.swift in Sources */ = {isa = PBXBuildFile; fileRef = 1DA83A201E02454C00BB5C30 /* AddPalautteViewController.swift */; };
		1DA83A241E02456100BB5C30 /* SavedPalauttesViewController.swift in Sources */ = {isa = PBXBuildFile; fileRef = 1DA83A231E02456100BB5C30 /* SavedPalauttesViewController.swift */; };
		1DA83A261E02456700BB5C30 /* LocalPalautteTableViewCell.swift in Sources */ = {isa = PBXBuildFile; fileRef = 1DA83A251E02456700BB5C30 /* LocalPalautteTableViewCell.swift */; };
		1DA83A291E02457100BB5C30 /* EditColorsViewController.swift in Sources */ = {isa = PBXBuildFile; fileRef = 1DA83A271E02457100BB5C30 /* EditColorsViewController.swift */; };
		1DA83A2C1E0245A300BB5C30 /* Palautte.xcdatamodel in Sources */ = {isa = PBXBuildFile; fileRef = 1DA83A2B1E0245A300BB5C30 /* Palautte.xcdatamodel */; };
		1DA83A3D1E0246B500BB5C30 /* BackgroundColor+CoreDataClass.swift in Sources */ = {isa = PBXBuildFile; fileRef = 1DA83A351E0246B500BB5C30 /* BackgroundColor+CoreDataClass.swift */; };
		1DA83A3E1E0246B500BB5C30 /* BackgroundColor+CoreDataProperties.swift in Sources */ = {isa = PBXBuildFile; fileRef = 1DA83A361E0246B500BB5C30 /* BackgroundColor+CoreDataProperties.swift */; };
		1DA83A3F1E0246B500BB5C30 /* Palautte+CoreDataClass.swift in Sources */ = {isa = PBXBuildFile; fileRef = 1DA83A371E0246B500BB5C30 /* Palautte+CoreDataClass.swift */; };
		1DA83A401E0246B500BB5C30 /* Palautte+CoreDataProperties.swift in Sources */ = {isa = PBXBuildFile; fileRef = 1DA83A381E0246B500BB5C30 /* Palautte+CoreDataProperties.swift */; };
		1DA83A411E0246B500BB5C30 /* ForegroundColor+CoreDataClass.swift in Sources */ = {isa = PBXBuildFile; fileRef = 1DA83A391E0246B500BB5C30 /* ForegroundColor+CoreDataClass.swift */; };
		1DA83A421E0246B500BB5C30 /* ForegroundColor+CoreDataProperties.swift in Sources */ = {isa = PBXBuildFile; fileRef = 1DA83A3A1E0246B500BB5C30 /* ForegroundColor+CoreDataProperties.swift */; };
		1DA83A431E0246B500BB5C30 /* Online+CoreDataClass.swift in Sources */ = {isa = PBXBuildFile; fileRef = 1DA83A3B1E0246B500BB5C30 /* Online+CoreDataClass.swift */; };
		1DA83A441E0246B500BB5C30 /* Online+CoreDataProperties.swift in Sources */ = {isa = PBXBuildFile; fileRef = 1DA83A3C1E0246B500BB5C30 /* Online+CoreDataProperties.swift */; };
		1DA83A461E02473F00BB5C30 /* ShadowForAddPalautteTableViewCell.swift in Sources */ = {isa = PBXBuildFile; fileRef = 1DA83A451E02473F00BB5C30 /* ShadowForAddPalautteTableViewCell.swift */; };
		C269617C9E81A82B526B9A47 /* Pods_Palautte.framework in Frameworks */ = {isa = PBXBuildFile; fileRef = 6A45A36CB75B7FE8EE7698E6 /* Pods_Palautte.framework */; };
/* End PBXBuildFile section */

/* Begin PBXFileReference section */
		1DA83A071E0244C500BB5C30 /* Palautte.app */ = {isa = PBXFileReference; explicitFileType = wrapper.application; includeInIndex = 0; path = Palautte.app; sourceTree = BUILT_PRODUCTS_DIR; };
		1DA83A0A1E0244C500BB5C30 /* AppDelegate.swift */ = {isa = PBXFileReference; lastKnownFileType = sourcecode.swift; path = AppDelegate.swift; sourceTree = "<group>"; };
		1DA83A0F1E0244C500BB5C30 /* Base */ = {isa = PBXFileReference; lastKnownFileType = file.storyboard; name = Base; path = Base.lproj/Main.storyboard; sourceTree = "<group>"; };
		1DA83A141E0244C500BB5C30 /* Assets.xcassets */ = {isa = PBXFileReference; lastKnownFileType = folder.assetcatalog; path = Assets.xcassets; sourceTree = "<group>"; };
		1DA83A171E0244C500BB5C30 /* Base */ = {isa = PBXFileReference; lastKnownFileType = file.storyboard; name = Base; path = Base.lproj/LaunchScreen.storyboard; sourceTree = "<group>"; };
		1DA83A191E0244C500BB5C30 /* Info.plist */ = {isa = PBXFileReference; lastKnownFileType = text.plist.xml; path = Info.plist; sourceTree = "<group>"; };
		1DA83A1F1E02454C00BB5C30 /* LandingPageViewController.swift */ = {isa = PBXFileReference; fileEncoding = 4; lastKnownFileType = sourcecode.swift; path = LandingPageViewController.swift; sourceTree = "<group>"; };
		1DA83A201E02454C00BB5C30 /* AddPalautteViewController.swift */ = {isa = PBXFileReference; fileEncoding = 4; lastKnownFileType = sourcecode.swift; path = AddPalautteViewController.swift; sourceTree = "<group>"; };
		1DA83A231E02456100BB5C30 /* SavedPalauttesViewController.swift */ = {isa = PBXFileReference; fileEncoding = 4; lastKnownFileType = sourcecode.swift; path = SavedPalauttesViewController.swift; sourceTree = "<group>"; };
		1DA83A251E02456700BB5C30 /* LocalPalautteTableViewCell.swift */ = {isa = PBXFileReference; fileEncoding = 4; lastKnownFileType = sourcecode.swift; path = LocalPalautteTableViewCell.swift; sourceTree = "<group>"; };
		1DA83A271E02457100BB5C30 /* EditColorsViewController.swift */ = {isa = PBXFileReference; fileEncoding = 4; lastKnownFileType = sourcecode.swift; path = EditColorsViewController.swift; sourceTree = "<group>"; };
		1DA83A2B1E0245A300BB5C30 /* Palautte.xcdatamodel */ = {isa = PBXFileReference; lastKnownFileType = wrapper.xcdatamodel; path = Palautte.xcdatamodel; sourceTree = "<group>"; };
		1DA83A351E0246B500BB5C30 /* BackgroundColor+CoreDataClass.swift */ = {isa = PBXFileReference; fileEncoding = 4; lastKnownFileType = sourcecode.swift; path = "BackgroundColor+CoreDataClass.swift"; sourceTree = "<group>"; };
		1DA83A361E0246B500BB5C30 /* BackgroundColor+CoreDataProperties.swift */ = {isa = PBXFileReference; fileEncoding = 4; lastKnownFileType = sourcecode.swift; path = "BackgroundColor+CoreDataProperties.swift"; sourceTree = "<group>"; };
		1DA83A371E0246B500BB5C30 /* Palautte+CoreDataClass.swift */ = {isa = PBXFileReference; fileEncoding = 4; lastKnownFileType = sourcecode.swift; path = "Palautte+CoreDataClass.swift"; sourceTree = "<group>"; };
		1DA83A381E0246B500BB5C30 /* Palautte+CoreDataProperties.swift */ = {isa = PBXFileReference; fileEncoding = 4; lastKnownFileType = sourcecode.swift; path = "Palautte+CoreDataProperties.swift"; sourceTree = "<group>"; };
		1DA83A391E0246B500BB5C30 /* ForegroundColor+CoreDataClass.swift */ = {isa = PBXFileReference; fileEncoding = 4; lastKnownFileType = sourcecode.swift; path = "ForegroundColor+CoreDataClass.swift"; sourceTree = "<group>"; };
		1DA83A3A1E0246B500BB5C30 /* ForegroundColor+CoreDataProperties.swift */ = {isa = PBXFileReference; fileEncoding = 4; lastKnownFileType = sourcecode.swift; path = "ForegroundColor+CoreDataProperties.swift"; sourceTree = "<group>"; };
		1DA83A3B1E0246B500BB5C30 /* Online+CoreDataClass.swift */ = {isa = PBXFileReference; fileEncoding = 4; lastKnownFileType = sourcecode.swift; path = "Online+CoreDataClass.swift"; sourceTree = "<group>"; };
		1DA83A3C1E0246B500BB5C30 /* Online+CoreDataProperties.swift */ = {isa = PBXFileReference; fileEncoding = 4; lastKnownFileType = sourcecode.swift; path = "Online+CoreDataProperties.swift"; sourceTree = "<group>"; };
		1DA83A451E02473F00BB5C30 /* ShadowForAddPalautteTableViewCell.swift */ = {isa = PBXFileReference; fileEncoding = 4; lastKnownFileType = sourcecode.swift; path = ShadowForAddPalautteTableViewCell.swift; sourceTree = "<group>"; };
		1FA800F8B7A5DD8F6EFF6BE8 /* Pods-Palautte.debug.xcconfig */ = {isa = PBXFileReference; includeInIndex = 1; lastKnownFileType = text.xcconfig; name = "Pods-Palautte.debug.xcconfig"; path = "Pods/Target Support Files/Pods-Palautte/Pods-Palautte.debug.xcconfig"; sourceTree = "<group>"; };
		29D12B991F84A2CE0030FA36 /* GoogleService-Info.plist */ = {isa = PBXFileReference; lastKnownFileType = text.plist.xml; path = "GoogleService-Info.plist"; sourceTree = "<group>"; };
		6A45A36CB75B7FE8EE7698E6 /* Pods_Palautte.framework */ = {isa = PBXFileReference; explicitFileType = wrapper.framework; includeInIndex = 0; path = Pods_Palautte.framework; sourceTree = BUILT_PRODUCTS_DIR; };
		D17C7DA7DC38871090921BAD /* Pods-Palautte.release.xcconfig */ = {isa = PBXFileReference; includeInIndex = 1; lastKnownFileType = text.xcconfig; name = "Pods-Palautte.release.xcconfig"; path = "Pods/Target Support Files/Pods-Palautte/Pods-Palautte.release.xcconfig"; sourceTree = "<group>"; };
/* End PBXFileReference section */

/* Begin PBXFrameworksBuildPhase section */
		1DA83A041E0244C500BB5C30 /* Frameworks */ = {
			isa = PBXFrameworksBuildPhase;
			buildActionMask = 2147483647;
			files = (
				C269617C9E81A82B526B9A47 /* Pods_Palautte.framework in Frameworks */,
			);
			runOnlyForDeploymentPostprocessing = 0;
		};
/* End PBXFrameworksBuildPhase section */

/* Begin PBXGroup section */
		1DA839FE1E0244C500BB5C30 = {
			isa = PBXGroup;
			children = (
				1DA83A091E0244C500BB5C30 /* Palautte */,
				1DA83A081E0244C500BB5C30 /* Products */,
				F034ACE07AF04B789818B786 /* Pods */,
				C996D639063C7AC171FA9774 /* Frameworks */,
			);
			sourceTree = "<group>";
		};
		1DA83A081E0244C500BB5C30 /* Products */ = {
			isa = PBXGroup;
			children = (
				1DA83A071E0244C500BB5C30 /* Palautte.app */,
			);
			name = Products;
			sourceTree = "<group>";
		};
		1DA83A091E0244C500BB5C30 /* Palautte */ = {
			isa = PBXGroup;
			children = (
				1DA83A301E0245B700BB5C30 /* Model */,
				1DA83A2F1E0245B400BB5C30 /* View */,
				1DA83A2E1E0245B200BB5C30 /* Controller */,
				1DA83A2D1E0245AF00BB5C30 /* Additional Files */,
			);
			path = Palautte;
			sourceTree = "<group>";
		};
		1DA83A2D1E0245AF00BB5C30 /* Additional Files */ = {
			isa = PBXGroup;
			children = (
				1DA83A161E0244C500BB5C30 /* LaunchScreen.storyboard */,
				1DA83A0A1E0244C500BB5C30 /* AppDelegate.swift */,
				1DA83A141E0244C500BB5C30 /* Assets.xcassets */,
				1DA83A191E0244C500BB5C30 /* Info.plist */,
				29D12B991F84A2CE0030FA36 /* GoogleService-Info.plist */,
			);
			name = "Additional Files";
			sourceTree = "<group>";
		};
		1DA83A2E1E0245B200BB5C30 /* Controller */ = {
			isa = PBXGroup;
			children = (
				1DA83A1F1E02454C00BB5C30 /* LandingPageViewController.swift */,
				1DA83A201E02454C00BB5C30 /* AddPalautteViewController.swift */,
				1DA83A321E02460C00BB5C30 /* Saved Palautte */,
			);
			name = Controller;
			sourceTree = "<group>";
		};
		1DA83A2F1E0245B400BB5C30 /* View */ = {
			isa = PBXGroup;
			children = (
				1DA83A0E1E0244C500BB5C30 /* Main.storyboard */,
				1DA83A471E02474400BB5C30 /* View Extensions */,
			);
			name = View;
			sourceTree = "<group>";
		};
		1DA83A301E0245B700BB5C30 /* Model */ = {
			isa = PBXGroup;
			children = (
				1DA83A351E0246B500BB5C30 /* BackgroundColor+CoreDataClass.swift */,
				1DA83A371E0246B500BB5C30 /* Palautte+CoreDataClass.swift */,
				1DA83A391E0246B500BB5C30 /* ForegroundColor+CoreDataClass.swift */,
				1DA83A3B1E0246B500BB5C30 /* Online+CoreDataClass.swift */,
				1DA83A2B1E0245A300BB5C30 /* Palautte.xcdatamodel */,
				1DA83A311E0245BA00BB5C30 /* Generated */,
			);
			name = Model;
			sourceTree = "<group>";
		};
		1DA83A311E0245BA00BB5C30 /* Generated */ = {
			isa = PBXGroup;
			children = (
				1DA83A361E0246B500BB5C30 /* BackgroundColor+CoreDataProperties.swift */,
				1DA83A381E0246B500BB5C30 /* Palautte+CoreDataProperties.swift */,
				1DA83A3A1E0246B500BB5C30 /* ForegroundColor+CoreDataProperties.swift */,
				1DA83A3C1E0246B500BB5C30 /* Online+CoreDataProperties.swift */,
			);
			name = Generated;
			sourceTree = "<group>";
		};
		1DA83A321E02460C00BB5C30 /* Saved Palautte */ = {
			isa = PBXGroup;
			children = (
				1DA83A231E02456100BB5C30 /* SavedPalauttesViewController.swift */,
				1DA83A331E02461D00BB5C30 /* Custom Cell */,
				1DA83A341E02462B00BB5C30 /* Edit Cell */,
			);
			name = "Saved Palautte";
			sourceTree = "<group>";
		};
		1DA83A331E02461D00BB5C30 /* Custom Cell */ = {
			isa = PBXGroup;
			children = (
				1DA83A251E02456700BB5C30 /* LocalPalautteTableViewCell.swift */,
			);
			name = "Custom Cell";
			sourceTree = "<group>";
		};
		1DA83A341E02462B00BB5C30 /* Edit Cell */ = {
			isa = PBXGroup;
			children = (
				1DA83A271E02457100BB5C30 /* EditColorsViewController.swift */,
			);
			name = "Edit Cell";
			sourceTree = "<group>";
		};
		1DA83A471E02474400BB5C30 /* View Extensions */ = {
			isa = PBXGroup;
			children = (
				1DA83A451E02473F00BB5C30 /* ShadowForAddPalautteTableViewCell.swift */,
			);
			name = "View Extensions";
			sourceTree = "<group>";
		};
		C996D639063C7AC171FA9774 /* Frameworks */ = {
			isa = PBXGroup;
			children = (
				6A45A36CB75B7FE8EE7698E6 /* Pods_Palautte.framework */,
			);
			name = Frameworks;
			sourceTree = "<group>";
		};
		F034ACE07AF04B789818B786 /* Pods */ = {
			isa = PBXGroup;
			children = (
				1FA800F8B7A5DD8F6EFF6BE8 /* Pods-Palautte.debug.xcconfig */,
				D17C7DA7DC38871090921BAD /* Pods-Palautte.release.xcconfig */,
			);
			name = Pods;
			sourceTree = "<group>";
		};
/* End PBXGroup section */

/* Begin PBXNativeTarget section */
		1DA83A061E0244C500BB5C30 /* Palautte */ = {
			isa = PBXNativeTarget;
			buildConfigurationList = 1DA83A1C1E0244C500BB5C30 /* Build configuration list for PBXNativeTarget "Palautte" */;
			buildPhases = (
				37623D19DCCD52585F3B3CC2 /* [CP] Check Pods Manifest.lock */,
				1DA83A031E0244C500BB5C30 /* Sources */,
				1DA83A041E0244C500BB5C30 /* Frameworks */,
				1DA83A051E0244C500BB5C30 /* Resources */,
				3663F40914C96B539758076E /* [CP] Embed Pods Frameworks */,
				6CE3C7729CE28CCD5E1AD56B /* [CP] Copy Pods Resources */,
			);
			buildRules = (
			);
			dependencies = (
			);
			name = Palautte;
			productName = Palautte;
			productReference = 1DA83A071E0244C500BB5C30 /* Palautte.app */;
			productType = "com.apple.product-type.application";
		};
/* End PBXNativeTarget section */

/* Begin PBXProject section */
		1DA839FF1E0244C500BB5C30 /* Project object */ = {
			isa = PBXProject;
			attributes = {
				LastSwiftUpdateCheck = 0820;
				LastUpgradeCheck = 0820;
				ORGANIZATIONNAME = "Matthew Singleton";
				TargetAttributes = {
					1DA83A061E0244C500BB5C30 = {
						CreatedOnToolsVersion = 8.2;
						DevelopmentTeam = K8YZSQZRNW;
						ProvisioningStyle = Automatic;
					};
				};
			};
			buildConfigurationList = 1DA83A021E0244C500BB5C30 /* Build configuration list for PBXProject "Palautte" */;
			compatibilityVersion = "Xcode 3.2";
			developmentRegion = English;
			hasScannedForEncodings = 0;
			knownRegions = (
				en,
				Base,
			);
			mainGroup = 1DA839FE1E0244C500BB5C30;
			productRefGroup = 1DA83A081E0244C500BB5C30 /* Products */;
			projectDirPath = "";
			projectRoot = "";
			targets = (
				1DA83A061E0244C500BB5C30 /* Palautte */,
			);
		};
/* End PBXProject section */

/* Begin PBXResourcesBuildPhase section */
		1DA83A051E0244C500BB5C30 /* Resources */ = {
			isa = PBXResourcesBuildPhase;
			buildActionMask = 2147483647;
			files = (
				1DA83A181E0244C500BB5C30 /* LaunchScreen.storyboard in Resources */,
				1DA83A151E0244C500BB5C30 /* Assets.xcassets in Resources */,
				1DA83A101E0244C500BB5C30 /* Main.storyboard in Resources */,
			);
			runOnlyForDeploymentPostprocessing = 0;
		};
/* End PBXResourcesBuildPhase section */

/* Begin PBXShellScriptBuildPhase section */
		3663F40914C96B539758076E /* [CP] Embed Pods Frameworks */ = {
			isa = PBXShellScriptBuildPhase;
			buildActionMask = 2147483647;
			files = (
			);
			inputPaths = (
				"${SRCROOT}/Pods/Target Support Files/Pods-Palautte/Pods-Palautte-frameworks.sh",
				"${BUILT_PRODUCTS_DIR}/BoringSSL/openssl.framework",
				"${BUILT_PRODUCTS_DIR}/GTMSessionFetcher/GTMSessionFetcher.framework",
				"${BUILT_PRODUCTS_DIR}/GoogleToolboxForMac/GoogleToolboxForMac.framework",
				"${BUILT_PRODUCTS_DIR}/Protobuf/Protobuf.framework",
				"${BUILT_PRODUCTS_DIR}/gRPC/GRPCClient.framework",
				"${BUILT_PRODUCTS_DIR}/gRPC-Core/grpc.framework",
				"${BUILT_PRODUCTS_DIR}/gRPC-ProtoRPC/ProtoRPC.framework",
				"${BUILT_PRODUCTS_DIR}/gRPC-RxLibrary/RxLibrary.framework",
				"${BUILT_PRODUCTS_DIR}/leveldb-library/leveldb.framework",
				"${BUILT_PRODUCTS_DIR}/nanopb/nanopb.framework",
			);
			name = "[CP] Embed Pods Frameworks";
			outputPaths = (
				"${TARGET_BUILD_DIR}/${FRAMEWORKS_FOLDER_PATH}/openssl.framework",
				"${TARGET_BUILD_DIR}/${FRAMEWORKS_FOLDER_PATH}/GTMSessionFetcher.framework",
				"${TARGET_BUILD_DIR}/${FRAMEWORKS_FOLDER_PATH}/GoogleToolboxForMac.framework",
				"${TARGET_BUILD_DIR}/${FRAMEWORKS_FOLDER_PATH}/Protobuf.framework",
				"${TARGET_BUILD_DIR}/${FRAMEWORKS_FOLDER_PATH}/GRPCClient.framework",
				"${TARGET_BUILD_DIR}/${FRAMEWORKS_FOLDER_PATH}/grpc.framework",
				"${TARGET_BUILD_DIR}/${FRAMEWORKS_FOLDER_PATH}/ProtoRPC.framework",
				"${TARGET_BUILD_DIR}/${FRAMEWORKS_FOLDER_PATH}/RxLibrary.framework",
				"${TARGET_BUILD_DIR}/${FRAMEWORKS_FOLDER_PATH}/leveldb.framework",
				"${TARGET_BUILD_DIR}/${FRAMEWORKS_FOLDER_PATH}/nanopb.framework",
			);
			runOnlyForDeploymentPostprocessing = 0;
			shellPath = /bin/sh;
			shellScript = "\"${SRCROOT}/Pods/Target Support Files/Pods-Palautte/Pods-Palautte-frameworks.sh\"\n";
			showEnvVarsInLog = 0;
		};
		37623D19DCCD52585F3B3CC2 /* [CP] Check Pods Manifest.lock */ = {
			isa = PBXShellScriptBuildPhase;
			buildActionMask = 2147483647;
			files = (
			);
			inputPaths = (
				"${PODS_PODFILE_DIR_PATH}/Podfile.lock",
				"${PODS_ROOT}/Manifest.lock",
			);
			name = "[CP] Check Pods Manifest.lock";
			outputPaths = (
				"$(DERIVED_FILE_DIR)/Pods-Palautte-checkManifestLockResult.txt",
			);
			runOnlyForDeploymentPostprocessing = 0;
			shellPath = /bin/sh;
			shellScript = "diff \"${PODS_PODFILE_DIR_PATH}/Podfile.lock\" \"${PODS_ROOT}/Manifest.lock\" > /dev/null\nif [ $? != 0 ] ; then\n    # print error to STDERR\n    echo \"error: The sandbox is not in sync with the Podfile.lock. Run 'pod install' or update your CocoaPods installation.\" >&2\n    exit 1\nfi\n# This output is used by Xcode 'outputs' to avoid re-running this script phase.\necho \"SUCCESS\" > \"${SCRIPT_OUTPUT_FILE_0}\"\n";
			showEnvVarsInLog = 0;
		};
		6CE3C7729CE28CCD5E1AD56B /* [CP] Copy Pods Resources */ = {
			isa = PBXShellScriptBuildPhase;
			buildActionMask = 2147483647;
			files = (
			);
			inputPaths = (
			);
			name = "[CP] Copy Pods Resources";
			outputPaths = (
			);
			runOnlyForDeploymentPostprocessing = 0;
			shellPath = /bin/sh;
			shellScript = "\"${SRCROOT}/Pods/Target Support Files/Pods-Palautte/Pods-Palautte-resources.sh\"\n";
			showEnvVarsInLog = 0;
		};
/* End PBXShellScriptBuildPhase section */

/* Begin PBXSourcesBuildPhase section */
		1DA83A031E0244C500BB5C30 /* Sources */ = {
			isa = PBXSourcesBuildPhase;
			buildActionMask = 2147483647;
			files = (
				1DA83A431E0246B500BB5C30 /* Online+CoreDataClass.swift in Sources */,
				1DA83A411E0246B500BB5C30 /* ForegroundColor+CoreDataClass.swift in Sources */,
				1DA83A3D1E0246B500BB5C30 /* BackgroundColor+CoreDataClass.swift in Sources */,
				1DA83A421E0246B500BB5C30 /* ForegroundColor+CoreDataProperties.swift in Sources */,
				1DA83A401E0246B500BB5C30 /* Palautte+CoreDataProperties.swift in Sources */,
				1DA83A2C1E0245A300BB5C30 /* Palautte.xcdatamodel in Sources */,
				1DA83A291E02457100BB5C30 /* EditColorsViewController.swift in Sources */,
				1DA83A221E02454C00BB5C30 /* AddPalautteViewController.swift in Sources */,
				1DA83A261E02456700BB5C30 /* LocalPalautteTableViewCell.swift in Sources */,
				1DA83A441E0246B500BB5C30 /* Online+CoreDataProperties.swift in Sources */,
				1DA83A241E02456100BB5C30 /* SavedPalauttesViewController.swift in Sources */,
				1DA83A3E1E0246B500BB5C30 /* BackgroundColor+CoreDataProperties.swift in Sources */,
				1DA83A0B1E0244C500BB5C30 /* AppDelegate.swift in Sources */,
				1DA83A3F1E0246B500BB5C30 /* Palautte+CoreDataClass.swift in Sources */,
				1DA83A211E02454C00BB5C30 /* LandingPageViewController.swift in Sources */,
				1DA83A461E02473F00BB5C30 /* ShadowForAddPalautteTableViewCell.swift in Sources */,
			);
			runOnlyForDeploymentPostprocessing = 0;
		};
/* End PBXSourcesBuildPhase section */

/* Begin PBXVariantGroup section */
		1DA83A0E1E0244C500BB5C30 /* Main.storyboard */ = {
			isa = PBXVariantGroup;
			children = (
				1DA83A0F1E0244C500BB5C30 /* Base */,
			);
			name = Main.storyboard;
			sourceTree = "<group>";
		};
		1DA83A161E0244C500BB5C30 /* LaunchScreen.storyboard */ = {
			isa = PBXVariantGroup;
			children = (
				1DA83A171E0244C500BB5C30 /* Base */,
			);
			name = LaunchScreen.storyboard;
			sourceTree = "<group>";
		};
/* End PBXVariantGroup section */

/* Begin XCBuildConfiguration section */
		1DA83A1A1E0244C500BB5C30 /* Debug */ = {
			isa = XCBuildConfiguration;
			buildSettings = {
				ALWAYS_SEARCH_USER_PATHS = NO;
				CLANG_ANALYZER_NONNULL = YES;
				CLANG_CXX_LANGUAGE_STANDARD = "gnu++0x";
				CLANG_CXX_LIBRARY = "libc++";
				CLANG_ENABLE_MODULES = YES;
				CLANG_ENABLE_OBJC_ARC = YES;
				CLANG_WARN_BOOL_CONVERSION = YES;
				CLANG_WARN_CONSTANT_CONVERSION = YES;
				CLANG_WARN_DIRECT_OBJC_ISA_USAGE = YES_ERROR;
				CLANG_WARN_DOCUMENTATION_COMMENTS = YES;
				CLANG_WARN_EMPTY_BODY = YES;
				CLANG_WARN_ENUM_CONVERSION = YES;
				CLANG_WARN_INFINITE_RECURSION = YES;
				CLANG_WARN_INT_CONVERSION = YES;
				CLANG_WARN_OBJC_ROOT_CLASS = YES_ERROR;
				CLANG_WARN_SUSPICIOUS_MOVE = YES;
				CLANG_WARN_UNREACHABLE_CODE = YES;
				CLANG_WARN__DUPLICATE_METHOD_MATCH = YES;
				"CODE_SIGN_IDENTITY[sdk=iphoneos*]" = "iPhone Developer";
				COPY_PHASE_STRIP = NO;
				DEBUG_INFORMATION_FORMAT = dwarf;
				ENABLE_STRICT_OBJC_MSGSEND = YES;
				ENABLE_TESTABILITY = YES;
				GCC_C_LANGUAGE_STANDARD = gnu99;
				GCC_DYNAMIC_NO_PIC = NO;
				GCC_NO_COMMON_BLOCKS = YES;
				GCC_OPTIMIZATION_LEVEL = 0;
				GCC_PREPROCESSOR_DEFINITIONS = (
					"DEBUG=1",
					"$(inherited)",
				);
				GCC_WARN_64_TO_32_BIT_CONVERSION = YES;
				GCC_WARN_ABOUT_RETURN_TYPE = YES_ERROR;
				GCC_WARN_UNDECLARED_SELECTOR = YES;
				GCC_WARN_UNINITIALIZED_AUTOS = YES_AGGRESSIVE;
				GCC_WARN_UNUSED_FUNCTION = YES;
				GCC_WARN_UNUSED_VARIABLE = YES;
				IPHONEOS_DEPLOYMENT_TARGET = 10.2;
				MTL_ENABLE_DEBUG_INFO = YES;
				ONLY_ACTIVE_ARCH = YES;
				SDKROOT = iphoneos;
				SWIFT_ACTIVE_COMPILATION_CONDITIONS = DEBUG;
				SWIFT_OPTIMIZATION_LEVEL = "-Onone";
			};
			name = Debug;
		};
		1DA83A1B1E0244C500BB5C30 /* Release */ = {
			isa = XCBuildConfiguration;
			buildSettings = {
				ALWAYS_SEARCH_USER_PATHS = NO;
				CLANG_ANALYZER_NONNULL = YES;
				CLANG_CXX_LANGUAGE_STANDARD = "gnu++0x";
				CLANG_CXX_LIBRARY = "libc++";
				CLANG_ENABLE_MODULES = YES;
				CLANG_ENABLE_OBJC_ARC = YES;
				CLANG_WARN_BOOL_CONVERSION = YES;
				CLANG_WARN_CONSTANT_CONVERSION = YES;
				CLANG_WARN_DIRECT_OBJC_ISA_USAGE = YES_ERROR;
				CLANG_WARN_DOCUMENTATION_COMMENTS = YES;
				CLANG_WARN_EMPTY_BODY = YES;
				CLANG_WARN_ENUM_CONVERSION = YES;
				CLANG_WARN_INFINITE_RECURSION = YES;
				CLANG_WARN_INT_CONVERSION = YES;
				CLANG_WARN_OBJC_ROOT_CLASS = YES_ERROR;
				CLANG_WARN_SUSPICIOUS_MOVE = YES;
				CLANG_WARN_UNREACHABLE_CODE = YES;
				CLANG_WARN__DUPLICATE_METHOD_MATCH = YES;
				"CODE_SIGN_IDENTITY[sdk=iphoneos*]" = "iPhone Developer";
				COPY_PHASE_STRIP = NO;
				DEBUG_INFORMATION_FORMAT = "dwarf-with-dsym";
				ENABLE_NS_ASSERTIONS = NO;
				ENABLE_STRICT_OBJC_MSGSEND = YES;
				GCC_C_LANGUAGE_STANDARD = gnu99;
				GCC_NO_COMMON_BLOCKS = YES;
				GCC_WARN_64_TO_32_BIT_CONVERSION = YES;
				GCC_WARN_ABOUT_RETURN_TYPE = YES_ERROR;
				GCC_WARN_UNDECLARED_SELECTOR = YES;
				GCC_WARN_UNINITIALIZED_AUTOS = YES_AGGRESSIVE;
				GCC_WARN_UNUSED_FUNCTION = YES;
				GCC_WARN_UNUSED_VARIABLE = YES;
				IPHONEOS_DEPLOYMENT_TARGET = 10.2;
				MTL_ENABLE_DEBUG_INFO = NO;
				SDKROOT = iphoneos;
				SWIFT_OPTIMIZATION_LEVEL = "-Owholemodule";
				VALIDATE_PRODUCT = YES;
			};
			name = Release;
		};
		1DA83A1D1E0244C500BB5C30 /* Debug */ = {
			isa = XCBuildConfiguration;
			baseConfigurationReference = 1FA800F8B7A5DD8F6EFF6BE8 /* Pods-Palautte.debug.xcconfig */;
			buildSettings = {
				ALWAYS_EMBED_SWIFT_STANDARD_LIBRARIES = YES;
				ASSETCATALOG_COMPILER_APPICON_NAME = AppIcon;
				DEVELOPMENT_TEAM = K8YZSQZRNW;
				INFOPLIST_FILE = Palautte/Info.plist;
				LD_RUNPATH_SEARCH_PATHS = "$(inherited) @executable_path/Frameworks";
				PRODUCT_BUNDLE_IDENTIFIER = com.matthewhsingleton.Palautte;
				PRODUCT_NAME = "$(TARGET_NAME)";
				SWIFT_VERSION = 3.0;
			};
			name = Debug;
		};
		1DA83A1E1E0244C500BB5C30 /* Release */ = {
			isa = XCBuildConfiguration;
			baseConfigurationReference = D17C7DA7DC38871090921BAD /* Pods-Palautte.release.xcconfig */;
			buildSettings = {
				ALWAYS_EMBED_SWIFT_STANDARD_LIBRARIES = YES;
				ASSETCATALOG_COMPILER_APPICON_NAME = AppIcon;
				DEVELOPMENT_TEAM = K8YZSQZRNW;
				INFOPLIST_FILE = Palautte/Info.plist;
				LD_RUNPATH_SEARCH_PATHS = "$(inherited) @executable_path/Frameworks";
				PRODUCT_BUNDLE_IDENTIFIER = com.matthewhsingleton.Palautte;
				PRODUCT_NAME = "$(TARGET_NAME)";
				SWIFT_VERSION = 3.0;
			};
			name = Release;
		};
/* End XCBuildConfiguration section */

/* Begin XCConfigurationList section */
		1DA83A021E0244C500BB5C30 /* Build configuration list for PBXProject "Palautte" */ = {
			isa = XCConfigurationList;
			buildConfigurations = (
				1DA83A1A1E0244C500BB5C30 /* Debug */,
				1DA83A1B1E0244C500BB5C30 /* Release */,
			);
			defaultConfigurationIsVisible = 0;
			defaultConfigurationName = Release;
		};
		1DA83A1C1E0244C500BB5C30 /* Build configuration list for PBXNativeTarget "Palautte" */ = {
			isa = XCConfigurationList;
			buildConfigurations = (
				1DA83A1D1E0244C500BB5C30 /* Debug */,
				1DA83A1E1E0244C500BB5C30 /* Release */,
			);
			defaultConfigurationIsVisible = 0;
			defaultConfigurationName = Release;
		};
/* End XCConfigurationList section */
	};
	rootObject = 1DA839FF1E0244C500BB5C30 /* Project object */;
}
