// !$*UTF8*$!
{
	archiveVersion = 1;
	classes = {
	};
	objectVersion = 46;
	objects = {

/* Begin PBXBuildFile section */
		1DA83A0B1E0244C500BB5C30 /* AppDelegate.swift in Sources */ = {isa = PBXBuildFile; fileRef = 1DA83A0A1E0244C500BB5C30 /* AppDelegate.swift */; };
		1DA83A101E0244C500BB5C30 /* Main.storyboard in Resources */ = {isa = PBXBuildFile; fileRef = 1DA83A0E1E0244C500BB5C30 /* Main.storyboard */; };
		1DA83A151E0244C500BB5C30 /* Assets.xcassets in Resources */ = {isa = PBXBuildFile; fileRef = 1DA83A141E0244C500BB5C30 /* Assets.xcassets */; };
		1DA83A181E0244C500BB5C30 /* LaunchScreen.storyboard in Resources */ = {isa = PBXBuildFile; fileRef = 1DA83A161E0244C500BB5C30 /* LaunchScreen.storyboard */; };
		1DA83A211E02454C00BB5C30 /* LandingPageViewController.swift in Sources */ = {isa = PBXBuildFile; fileRef = 1DA83A1F1E02454C00BB5C30 /* LandingPageViewController.swift */; };
		1DA83A2C1E0245A300BB5C30 /* Palautte.xcdatamodel in Sources */ = {isa = PBXBuildFile; fileRef = 1DA83A2B1E0245A300BB5C30 /* Palautte.xcdatamodel */; };
		1DA83A461E02473F00BB5C30 /* ShadowForAddPalautteTableViewCell.swift in Sources */ = {isa = PBXBuildFile; fileRef = 1DA83A451E02473F00BB5C30 /* ShadowForAddPalautteTableViewCell.swift */; };
		1DBEDFB81E44885600344695 /* Palautte+CoreDataClass.swift in Sources */ = {isa = PBXBuildFile; fileRef = 1DBEDFAC1E44885600344695 /* Palautte+CoreDataClass.swift */; };
		1DBEDFB91E44885600344695 /* Palautte+CoreDataProperties.swift in Sources */ = {isa = PBXBuildFile; fileRef = 1DBEDFAD1E44885600344695 /* Palautte+CoreDataProperties.swift */; };
		1DBEDFBA1E44885600344695 /* FirstColor+CoreDataClass.swift in Sources */ = {isa = PBXBuildFile; fileRef = 1DBEDFAE1E44885600344695 /* FirstColor+CoreDataClass.swift */; };
		1DBEDFBB1E44885600344695 /* FirstColor+CoreDataProperties.swift in Sources */ = {isa = PBXBuildFile; fileRef = 1DBEDFAF1E44885600344695 /* FirstColor+CoreDataProperties.swift */; };
		1DBEDFBC1E44885600344695 /* FifthColor+CoreDataClass.swift in Sources */ = {isa = PBXBuildFile; fileRef = 1DBEDFB01E44885600344695 /* FifthColor+CoreDataClass.swift */; };
		1DBEDFBD1E44885600344695 /* FifthColor+CoreDataProperties.swift in Sources */ = {isa = PBXBuildFile; fileRef = 1DBEDFB11E44885600344695 /* FifthColor+CoreDataProperties.swift */; };
		1DBEDFBE1E44885600344695 /* FourthColor+CoreDataClass.swift in Sources */ = {isa = PBXBuildFile; fileRef = 1DBEDFB21E44885600344695 /* FourthColor+CoreDataClass.swift */; };
		1DBEDFBF1E44885600344695 /* FourthColor+CoreDataProperties.swift in Sources */ = {isa = PBXBuildFile; fileRef = 1DBEDFB31E44885600344695 /* FourthColor+CoreDataProperties.swift */; };
		1DBEDFC01E44885600344695 /* ThirdColor+CoreDataClass.swift in Sources */ = {isa = PBXBuildFile; fileRef = 1DBEDFB41E44885600344695 /* ThirdColor+CoreDataClass.swift */; };
		1DBEDFC11E44885600344695 /* ThirdColor+CoreDataProperties.swift in Sources */ = {isa = PBXBuildFile; fileRef = 1DBEDFB51E44885600344695 /* ThirdColor+CoreDataProperties.swift */; };
		1DBEDFC21E44885600344695 /* SecondColor+CoreDataClass.swift in Sources */ = {isa = PBXBuildFile; fileRef = 1DBEDFB61E44885600344695 /* SecondColor+CoreDataClass.swift */; };
		1DBEDFC31E44885600344695 /* SecondColor+CoreDataProperties.swift in Sources */ = {isa = PBXBuildFile; fileRef = 1DBEDFB71E44885600344695 /* SecondColor+CoreDataProperties.swift */; };
		1DBEDFC91E44897500344695 /* General+Extensions.swift in Sources */ = {isa = PBXBuildFile; fileRef = 1DBEDFC81E44897500344695 /* General+Extensions.swift */; };
/* End PBXBuildFile section */

/* Begin PBXFileReference section */
		1DA83A071E0244C500BB5C30 /* Palautte.app */ = {isa = PBXFileReference; explicitFileType = wrapper.application; includeInIndex = 0; path = Palautte.app; sourceTree = BUILT_PRODUCTS_DIR; };
		1DA83A0A1E0244C500BB5C30 /* AppDelegate.swift */ = {isa = PBXFileReference; lastKnownFileType = sourcecode.swift; path = AppDelegate.swift; sourceTree = "<group>"; };
		1DA83A0F1E0244C500BB5C30 /* Base */ = {isa = PBXFileReference; lastKnownFileType = file.storyboard; name = Base; path = Base.lproj/Main.storyboard; sourceTree = "<group>"; };
		1DA83A141E0244C500BB5C30 /* Assets.xcassets */ = {isa = PBXFileReference; lastKnownFileType = folder.assetcatalog; path = Assets.xcassets; sourceTree = "<group>"; };
		1DA83A171E0244C500BB5C30 /* Base */ = {isa = PBXFileReference; lastKnownFileType = file.storyboard; name = Base; path = Base.lproj/LaunchScreen.storyboard; sourceTree = "<group>"; };
		1DA83A191E0244C500BB5C30 /* Info.plist */ = {isa = PBXFileReference; lastKnownFileType = text.plist.xml; path = Info.plist; sourceTree = "<group>"; };
		1DA83A1F1E02454C00BB5C30 /* LandingPageViewController.swift */ = {isa = PBXFileReference; fileEncoding = 4; lastKnownFileType = sourcecode.swift; path = LandingPageViewController.swift; sourceTree = "<group>"; };
		1DA83A2B1E0245A300BB5C30 /* Palautte.xcdatamodel */ = {isa = PBXFileReference; lastKnownFileType = wrapper.xcdatamodel; path = Palautte.xcdatamodel; sourceTree = "<group>"; };
		1DA83A451E02473F00BB5C30 /* ShadowForAddPalautteTableViewCell.swift */ = {isa = PBXFileReference; fileEncoding = 4; lastKnownFileType = sourcecode.swift; path = ShadowForAddPalautteTableViewCell.swift; sourceTree = "<group>"; };
		1DBEDFAC1E44885600344695 /* Palautte+CoreDataClass.swift */ = {isa = PBXFileReference; fileEncoding = 4; lastKnownFileType = sourcecode.swift; path = "Palautte+CoreDataClass.swift"; sourceTree = "<group>"; };
		1DBEDFAD1E44885600344695 /* Palautte+CoreDataProperties.swift */ = {isa = PBXFileReference; fileEncoding = 4; lastKnownFileType = sourcecode.swift; path = "Palautte+CoreDataProperties.swift"; sourceTree = "<group>"; };
		1DBEDFAE1E44885600344695 /* FirstColor+CoreDataClass.swift */ = {isa = PBXFileReference; fileEncoding = 4; lastKnownFileType = sourcecode.swift; path = "FirstColor+CoreDataClass.swift"; sourceTree = "<group>"; };
		1DBEDFAF1E44885600344695 /* FirstColor+CoreDataProperties.swift */ = {isa = PBXFileReference; fileEncoding = 4; lastKnownFileType = sourcecode.swift; path = "FirstColor+CoreDataProperties.swift"; sourceTree = "<group>"; };
		1DBEDFB01E44885600344695 /* FifthColor+CoreDataClass.swift */ = {isa = PBXFileReference; fileEncoding = 4; lastKnownFileType = sourcecode.swift; path = "FifthColor+CoreDataClass.swift"; sourceTree = "<group>"; };
		1DBEDFB11E44885600344695 /* FifthColor+CoreDataProperties.swift */ = {isa = PBXFileReference; fileEncoding = 4; lastKnownFileType = sourcecode.swift; path = "FifthColor+CoreDataProperties.swift"; sourceTree = "<group>"; };
		1DBEDFB21E44885600344695 /* FourthColor+CoreDataClass.swift */ = {isa = PBXFileReference; fileEncoding = 4; lastKnownFileType = sourcecode.swift; path = "FourthColor+CoreDataClass.swift"; sourceTree = "<group>"; };
		1DBEDFB31E44885600344695 /* FourthColor+CoreDataProperties.swift */ = {isa = PBXFileReference; fileEncoding = 4; lastKnownFileType = sourcecode.swift; path = "FourthColor+CoreDataProperties.swift"; sourceTree = "<group>"; };
		1DBEDFB41E44885600344695 /* ThirdColor+CoreDataClass.swift */ = {isa = PBXFileReference; fileEncoding = 4; lastKnownFileType = sourcecode.swift; path = "ThirdColor+CoreDataClass.swift"; sourceTree = "<group>"; };
		1DBEDFB51E44885600344695 /* ThirdColor+CoreDataProperties.swift */ = {isa = PBXFileReference; fileEncoding = 4; lastKnownFileType = sourcecode.swift; path = "ThirdColor+CoreDataProperties.swift"; sourceTree = "<group>"; };
		1DBEDFB61E44885600344695 /* SecondColor+CoreDataClass.swift */ = {isa = PBXFileReference; fileEncoding = 4; lastKnownFileType = sourcecode.swift; path = "SecondColor+CoreDataClass.swift"; sourceTree = "<group>"; };
		1DBEDFB71E44885600344695 /* SecondColor+CoreDataProperties.swift */ = {isa = PBXFileReference; fileEncoding = 4; lastKnownFileType = sourcecode.swift; path = "SecondColor+CoreDataProperties.swift"; sourceTree = "<group>"; };
		1DBEDFC81E44897500344695 /* General+Extensions.swift */ = {isa = PBXFileReference; fileEncoding = 4; lastKnownFileType = sourcecode.swift; path = "General+Extensions.swift"; sourceTree = "<group>"; };
/* End PBXFileReference section */

/* Begin PBXFrameworksBuildPhase section */
		1DA83A041E0244C500BB5C30 /* Frameworks */ = {
			isa = PBXFrameworksBuildPhase;
			buildActionMask = 2147483647;
			files = (
			);
			runOnlyForDeploymentPostprocessing = 0;
		};
/* End PBXFrameworksBuildPhase section */

/* Begin PBXGroup section */
		1DA839FE1E0244C500BB5C30 = {
			isa = PBXGroup;
			children = (
				1DA83A091E0244C500BB5C30 /* Palautte */,
				1DA83A081E0244C500BB5C30 /* Products */,
			);
			sourceTree = "<group>";
		};
		1DA83A081E0244C500BB5C30 /* Products */ = {
			isa = PBXGroup;
			children = (
				1DA83A071E0244C500BB5C30 /* Palautte.app */,
			);
			name = Products;
			sourceTree = "<group>";
		};
		1DA83A091E0244C500BB5C30 /* Palautte */ = {
			isa = PBXGroup;
			children = (
				1DA83A301E0245B700BB5C30 /* Model */,
				1DA83A2F1E0245B400BB5C30 /* View */,
				1DA83A2E1E0245B200BB5C30 /* Controller */,
				1DBEDFC71E44894200344695 /* Extensions */,
				1DA83A2D1E0245AF00BB5C30 /* Additional Files */,
			);
			path = Palautte;
			sourceTree = "<group>";
		};
		1DA83A2D1E0245AF00BB5C30 /* Additional Files */ = {
			isa = PBXGroup;
			children = (
				1DA83A0A1E0244C500BB5C30 /* AppDelegate.swift */,
				1DA83A141E0244C500BB5C30 /* Assets.xcassets */,
				1DA83A191E0244C500BB5C30 /* Info.plist */,
			);
			name = "Additional Files";
			sourceTree = "<group>";
		};
		1DA83A2E1E0245B200BB5C30 /* Controller */ = {
			isa = PBXGroup;
			children = (
				1DA83A1F1E02454C00BB5C30 /* LandingPageViewController.swift */,
				1DA83A321E02460C00BB5C30 /* Saved Palautte Cell */,
			);
			name = Controller;
			sourceTree = "<group>";
		};
		1DA83A2F1E0245B400BB5C30 /* View */ = {
			isa = PBXGroup;
			children = (
				1DA83A0E1E0244C500BB5C30 /* Main.storyboard */,
				1DA83A161E0244C500BB5C30 /* LaunchScreen.storyboard */,
				1DA83A471E02474400BB5C30 /* View Extensions */,
			);
			name = View;
			sourceTree = "<group>";
		};
		1DA83A301E0245B700BB5C30 /* Model */ = {
			isa = PBXGroup;
			children = (
				1DBEDFC51E44889700344695 /* XCDataModel File */,
				1DBEDFC61E4488CC00344695 /* Core Data Properties */,
				1DBEDFC41E44889200344695 /* Core Data Classes */,
			);
			name = Model;
			sourceTree = "<group>";
		};
		1DA83A321E02460C00BB5C30 /* Saved Palautte Cell */ = {
			isa = PBXGroup;
			children = (
			);
			name = "Saved Palautte Cell";
			sourceTree = "<group>";
		};
		1DA83A471E02474400BB5C30 /* View Extensions */ = {
			isa = PBXGroup;
			children = (
				1DA83A451E02473F00BB5C30 /* ShadowForAddPalautteTableViewCell.swift */,
			);
			name = "View Extensions";
			sourceTree = "<group>";
		};
		1DBEDFC41E44889200344695 /* Core Data Classes */ = {
			isa = PBXGroup;
			children = (
				1DBEDFAC1E44885600344695 /* Palautte+CoreDataClass.swift */,
				1DBEDFAE1E44885600344695 /* FirstColor+CoreDataClass.swift */,
				1DBEDFB01E44885600344695 /* FifthColor+CoreDataClass.swift */,
				1DBEDFB21E44885600344695 /* FourthColor+CoreDataClass.swift */,
				1DBEDFB41E44885600344695 /* ThirdColor+CoreDataClass.swift */,
				1DBEDFB61E44885600344695 /* SecondColor+CoreDataClass.swift */,
			);
			name = "Core Data Classes";
			sourceTree = "<group>";
		};
		1DBEDFC51E44889700344695 /* XCDataModel File */ = {
			isa = PBXGroup;
			children = (
				1DA83A2B1E0245A300BB5C30 /* Palautte.xcdatamodel */,
			);
			name = "XCDataModel File";
			sourceTree = "<group>";
		};
		1DBEDFC61E4488CC00344695 /* Core Data Properties */ = {
			isa = PBXGroup;
			children = (
				1DBEDFAD1E44885600344695 /* Palautte+CoreDataProperties.swift */,
				1DBEDFAF1E44885600344695 /* FirstColor+CoreDataProperties.swift */,
				1DBEDFB11E44885600344695 /* FifthColor+CoreDataProperties.swift */,
				1DBEDFB31E44885600344695 /* FourthColor+CoreDataProperties.swift */,
				1DBEDFB51E44885600344695 /* ThirdColor+CoreDataProperties.swift */,
				1DBEDFB71E44885600344695 /* SecondColor+CoreDataProperties.swift */,
			);
			name = "Core Data Properties";
			sourceTree = "<group>";
		};
		1DBEDFC71E44894200344695 /* Extensions */ = {
			isa = PBXGroup;
			children = (
				1DBEDFC81E44897500344695 /* General+Extensions.swift */,
			);
			name = Extensions;
			sourceTree = "<group>";
		};
/* End PBXGroup section */

/* Begin PBXNativeTarget section */
		1DA83A061E0244C500BB5C30 /* Palautte */ = {
			isa = PBXNativeTarget;
			buildConfigurationList = 1DA83A1C1E0244C500BB5C30 /* Build configuration list for PBXNativeTarget "Palautte" */;
			buildPhases = (
				1DA83A031E0244C500BB5C30 /* Sources */,
				1DA83A041E0244C500BB5C30 /* Frameworks */,
				1DA83A051E0244C500BB5C30 /* Resources */,
			);
			buildRules = (
			);
			dependencies = (
			);
			name = Palautte;
			productName = Palautte;
			productReference = 1DA83A071E0244C500BB5C30 /* Palautte.app */;
			productType = "com.apple.product-type.application";
		};
/* End PBXNativeTarget section */

/* Begin PBXProject section */
		1DA839FF1E0244C500BB5C30 /* Project object */ = {
			isa = PBXProject;
			attributes = {
				LastSwiftUpdateCheck = 0820;
				LastUpgradeCheck = 0820;
				ORGANIZATIONNAME = "Matthew Singleton";
				TargetAttributes = {
					1DA83A061E0244C500BB5C30 = {
						CreatedOnToolsVersion = 8.2;
						DevelopmentTeam = K8YZSQZRNW;
						ProvisioningStyle = Automatic;
					};
				};
			};
			buildConfigurationList = 1DA83A021E0244C500BB5C30 /* Build configuration list for PBXProject "Palautte" */;
			compatibilityVersion = "Xcode 3.2";
			developmentRegion = English;
			hasScannedForEncodings = 0;
			knownRegions = (
				en,
				Base,
			);
			mainGroup = 1DA839FE1E0244C500BB5C30;
			productRefGroup = 1DA83A081E0244C500BB5C30 /* Products */;
			projectDirPath = "";
			projectRoot = "";
			targets = (
				1DA83A061E0244C500BB5C30 /* Palautte */,
			);
		};
/* End PBXProject section */

/* Begin PBXResourcesBuildPhase section */
		1DA83A051E0244C500BB5C30 /* Resources */ = {
			isa = PBXResourcesBuildPhase;
			buildActionMask = 2147483647;
			files = (
				1DA83A181E0244C500BB5C30 /* LaunchScreen.storyboard in Resources */,
				1DA83A151E0244C500BB5C30 /* Assets.xcassets in Resources */,
				1DA83A101E0244C500BB5C30 /* Main.storyboard in Resources */,
			);
			runOnlyForDeploymentPostprocessing = 0;
		};
/* End PBXResourcesBuildPhase section */

/* Begin PBXSourcesBuildPhase section */
		1DA83A031E0244C500BB5C30 /* Sources */ = {
			isa = PBXSourcesBuildPhase;
			buildActionMask = 2147483647;
			files = (
				1DBEDFBB1E44885600344695 /* FirstColor+CoreDataProperties.swift in Sources */,
				1DBEDFBF1E44885600344695 /* FourthColor+CoreDataProperties.swift in Sources */,
				1DA83A2C1E0245A300BB5C30 /* Palautte.xcdatamodel in Sources */,
				1DBEDFB91E44885600344695 /* Palautte+CoreDataProperties.swift in Sources */,
				1DBEDFBD1E44885600344695 /* FifthColor+CoreDataProperties.swift in Sources */,
				1DBEDFC91E44897500344695 /* General+Extensions.swift in Sources */,
				1DBEDFC31E44885600344695 /* SecondColor+CoreDataProperties.swift in Sources */,
				1DBEDFBA1E44885600344695 /* FirstColor+CoreDataClass.swift in Sources */,
				1DBEDFBE1E44885600344695 /* FourthColor+CoreDataClass.swift in Sources */,
				1DBEDFC11E44885600344695 /* ThirdColor+CoreDataProperties.swift in Sources */,
				1DA83A0B1E0244C500BB5C30 /* AppDelegate.swift in Sources */,
				1DBEDFC21E44885600344695 /* SecondColor+CoreDataClass.swift in Sources */,
				1DBEDFB81E44885600344695 /* Palautte+CoreDataClass.swift in Sources */,
				1DBEDFC01E44885600344695 /* ThirdColor+CoreDataClass.swift in Sources */,
				1DA83A211E02454C00BB5C30 /* LandingPageViewController.swift in Sources */,
				1DA83A461E02473F00BB5C30 /* ShadowForAddPalautteTableViewCell.swift in Sources */,
				1DBEDFBC1E44885600344695 /* FifthColor+CoreDataClass.swift in Sources */,
			);
			runOnlyForDeploymentPostprocessing = 0;
		};
/* End PBXSourcesBuildPhase section */

/* Begin PBXVariantGroup section */
		1DA83A0E1E0244C500BB5C30 /* Main.storyboard */ = {
			isa = PBXVariantGroup;
			children = (
				1DA83A0F1E0244C500BB5C30 /* Base */,
			);
			name = Main.storyboard;
			sourceTree = "<group>";
		};
		1DA83A161E0244C500BB5C30 /* LaunchScreen.storyboard */ = {
			isa = PBXVariantGroup;
			children = (
				1DA83A171E0244C500BB5C30 /* Base */,
			);
			name = LaunchScreen.storyboard;
			sourceTree = "<group>";
		};
/* End PBXVariantGroup section */

/* Begin XCBuildConfiguration section */
		1DA83A1A1E0244C500BB5C30 /* Debug */ = {
			isa = XCBuildConfiguration;
			buildSettings = {
				ALWAYS_SEARCH_USER_PATHS = NO;
				CLANG_ANALYZER_NONNULL = YES;
				CLANG_CXX_LANGUAGE_STANDARD = "gnu++0x";
				CLANG_CXX_LIBRARY = "libc++";
				CLANG_ENABLE_MODULES = YES;
				CLANG_ENABLE_OBJC_ARC = YES;
				CLANG_WARN_BOOL_CONVERSION = YES;
				CLANG_WARN_CONSTANT_CONVERSION = YES;
				CLANG_WARN_DIRECT_OBJC_ISA_USAGE = YES_ERROR;
				CLANG_WARN_DOCUMENTATION_COMMENTS = YES;
				CLANG_WARN_EMPTY_BODY = YES;
				CLANG_WARN_ENUM_CONVERSION = YES;
				CLANG_WARN_INFINITE_RECURSION = YES;
				CLANG_WARN_INT_CONVERSION = YES;
				CLANG_WARN_OBJC_ROOT_CLASS = YES_ERROR;
				CLANG_WARN_SUSPICIOUS_MOVE = YES;
				CLANG_WARN_UNREACHABLE_CODE = YES;
				CLANG_WARN__DUPLICATE_METHOD_MATCH = YES;
				"CODE_SIGN_IDENTITY[sdk=iphoneos*]" = "iPhone Developer";
				COPY_PHASE_STRIP = NO;
				DEBUG_INFORMATION_FORMAT = dwarf;
				ENABLE_STRICT_OBJC_MSGSEND = YES;
				ENABLE_TESTABILITY = YES;
				GCC_C_LANGUAGE_STANDARD = gnu99;
				GCC_DYNAMIC_NO_PIC = NO;
				GCC_NO_COMMON_BLOCKS = YES;
				GCC_OPTIMIZATION_LEVEL = 0;
				GCC_PREPROCESSOR_DEFINITIONS = (
					"DEBUG=1",
					"$(inherited)",
				);
				GCC_WARN_64_TO_32_BIT_CONVERSION = YES;
				GCC_WARN_ABOUT_RETURN_TYPE = YES_ERROR;
				GCC_WARN_UNDECLARED_SELECTOR = YES;
				GCC_WARN_UNINITIALIZED_AUTOS = YES_AGGRESSIVE;
				GCC_WARN_UNUSED_FUNCTION = YES;
				GCC_WARN_UNUSED_VARIABLE = YES;
				IPHONEOS_DEPLOYMENT_TARGET = 10.2;
				MTL_ENABLE_DEBUG_INFO = YES;
				ONLY_ACTIVE_ARCH = YES;
				SDKROOT = iphoneos;
				SWIFT_ACTIVE_COMPILATION_CONDITIONS = DEBUG;
				SWIFT_OPTIMIZATION_LEVEL = "-Onone";
			};
			name = Debug;
		};
		1DA83A1B1E0244C500BB5C30 /* Release */ = {
			isa = XCBuildConfiguration;
			buildSettings = {
				ALWAYS_SEARCH_USER_PATHS = NO;
				CLANG_ANALYZER_NONNULL = YES;
				CLANG_CXX_LANGUAGE_STANDARD = "gnu++0x";
				CLANG_CXX_LIBRARY = "libc++";
				CLANG_ENABLE_MODULES = YES;
				CLANG_ENABLE_OBJC_ARC = YES;
				CLANG_WARN_BOOL_CONVERSION = YES;
				CLANG_WARN_CONSTANT_CONVERSION = YES;
				CLANG_WARN_DIRECT_OBJC_ISA_USAGE = YES_ERROR;
				CLANG_WARN_DOCUMENTATION_COMMENTS = YES;
				CLANG_WARN_EMPTY_BODY = YES;
				CLANG_WARN_ENUM_CONVERSION = YES;
				CLANG_WARN_INFINITE_RECURSION = YES;
				CLANG_WARN_INT_CONVERSION = YES;
				CLANG_WARN_OBJC_ROOT_CLASS = YES_ERROR;
				CLANG_WARN_SUSPICIOUS_MOVE = YES;
				CLANG_WARN_UNREACHABLE_CODE = YES;
				CLANG_WARN__DUPLICATE_METHOD_MATCH = YES;
				"CODE_SIGN_IDENTITY[sdk=iphoneos*]" = "iPhone Developer";
				COPY_PHASE_STRIP = NO;
				DEBUG_INFORMATION_FORMAT = "dwarf-with-dsym";
				ENABLE_NS_ASSERTIONS = NO;
				ENABLE_STRICT_OBJC_MSGSEND = YES;
				GCC_C_LANGUAGE_STANDARD = gnu99;
				GCC_NO_COMMON_BLOCKS = YES;
				GCC_WARN_64_TO_32_BIT_CONVERSION = YES;
				GCC_WARN_ABOUT_RETURN_TYPE = YES_ERROR;
				GCC_WARN_UNDECLARED_SELECTOR = YES;
				GCC_WARN_UNINITIALIZED_AUTOS = YES_AGGRESSIVE;
				GCC_WARN_UNUSED_FUNCTION = YES;
				GCC_WARN_UNUSED_VARIABLE = YES;
				IPHONEOS_DEPLOYMENT_TARGET = 10.2;
				MTL_ENABLE_DEBUG_INFO = NO;
				SDKROOT = iphoneos;
				SWIFT_OPTIMIZATION_LEVEL = "-Owholemodule";
				VALIDATE_PRODUCT = YES;
			};
			name = Release;
		};
		1DA83A1D1E0244C500BB5C30 /* Debug */ = {
			isa = XCBuildConfiguration;
			buildSettings = {
				ASSETCATALOG_COMPILER_APPICON_NAME = AppIcon;
				DEVELOPMENT_TEAM = K8YZSQZRNW;
				INFOPLIST_FILE = Palautte/Info.plist;
				IPHONEOS_DEPLOYMENT_TARGET = 10.0;
				LD_RUNPATH_SEARCH_PATHS = "$(inherited) @executable_path/Frameworks";
				PRODUCT_BUNDLE_IDENTIFIER = com.matthewhsingleton.Palautte;
				PRODUCT_NAME = "$(TARGET_NAME)";
				SWIFT_VERSION = 3.0;
			};
			name = Debug;
		};
		1DA83A1E1E0244C500BB5C30 /* Release */ = {
			isa = XCBuildConfiguration;
			buildSettings = {
				ASSETCATALOG_COMPILER_APPICON_NAME = AppIcon;
				DEVELOPMENT_TEAM = K8YZSQZRNW;
				INFOPLIST_FILE = Palautte/Info.plist;
				IPHONEOS_DEPLOYMENT_TARGET = 10.0;
				LD_RUNPATH_SEARCH_PATHS = "$(inherited) @executable_path/Frameworks";
				PRODUCT_BUNDLE_IDENTIFIER = com.matthewhsingleton.Palautte;
				PRODUCT_NAME = "$(TARGET_NAME)";
				SWIFT_VERSION = 3.0;
			};
			name = Release;
		};
/* End XCBuildConfiguration section */

/* Begin XCConfigurationList section */
		1DA83A021E0244C500BB5C30 /* Build configuration list for PBXProject "Palautte" */ = {
			isa = XCConfigurationList;
			buildConfigurations = (
				1DA83A1A1E0244C500BB5C30 /* Debug */,
				1DA83A1B1E0244C500BB5C30 /* Release */,
			);
			defaultConfigurationIsVisible = 0;
			defaultConfigurationName = Release;
		};
		1DA83A1C1E0244C500BB5C30 /* Build configuration list for PBXNativeTarget "Palautte" */ = {
			isa = XCConfigurationList;
			buildConfigurations = (
				1DA83A1D1E0244C500BB5C30 /* Debug */,
				1DA83A1E1E0244C500BB5C30 /* Release */,
			);
			defaultConfigurationIsVisible = 0;
			defaultConfigurationName = Release;
		};
/* End XCConfigurationList section */
	};
	rootObject = 1DA839FF1E0244C500BB5C30 /* Project object */;
}
